
Microsoft Visual Studio Solution File, Format Version 12.00
# Visual Studio Version 16
VisualStudioVersion = 16.0.31424.327
MinimumVisualStudioVersion = 10.0.40219.1
Project("{FAE04EC0-301F-11D3-BF4B-00C04F79EFBC}") = "BloodCTA", "BloodCTA\BloodCTA.csproj", "{2D9677C0-A899-410A-9E7A-222ACA58793F}"
EndProject
Global
	GlobalSection(SolutionConfigurationPlatforms) = preSolution
		Debug|Any CPU = Debug|Any CPU
		Release|Any CPU = Release|Any CPU
	EndGlobalSection
	GlobalSection(ProjectConfigurationPlatforms) = postSolution
		{2D9677C0-A899-410A-9E7A-222ACA58793F}.Debug|Any CPU.ActiveCfg = Debug|Any CPU
		{2D9677C0-A899-410A-9E7A-222ACA58793F}.Debug|Any CPU.Build.0 = Debug|Any CPU
		{2D9677C0-A899-410A-9E7A-222ACA58793F}.Release|Any CPU.ActiveCfg = Release|Any CPU
		{2D9677C0-A899-410A-9E7A-222ACA58793F}.Release|Any CPU.Build.0 = Release|Any CPU
	EndGlobalSection
	GlobalSection(SolutionProperties) = preSolution
		HideSolutionNode = FALSE
	EndGlobalSection
	GlobalSection(ExtensibilityGlobals) = postSolution
		SolutionGuid = {58FBB3AF-6C9A-4F15-94CE-DCF81B42B948}
	EndGlobalSection
EndGlobal
